
Microsoft Visual Studio Solution File, Format Version 12.00
# Visual Studio 2013
VisualStudioVersion = 12.0.21005.1
MinimumVisualStudioVersion = 10.0.40219.1
Project("{8BC9CEB8-8B4A-11D0-8D11-00A0C91BC942}") = "Program01", "Program01\Program01.vcxproj", "{4588949E-C6EC-4D3C-A291-3627D994216C}"
EndProject
Project("{8BC9CEB8-8B4A-11D0-8D11-00A0C91BC942}") = "Program02", "Program02\Program02.vcxproj", "{39115529-829F-4F4D-98B9-C561747102E1}"
EndProject
Project("{8BC9CEB8-8B4A-11D0-8D11-00A0C91BC942}") = "Program03", "Program03\Program03.vcxproj", "{E4E4564B-3759-4B39-8295-BA429E93C0E2}"
EndProject
Project("{8BC9CEB8-8B4A-11D0-8D11-00A0C91BC942}") = "Program04", "Program04\Program04.vcxproj", "{32A9A40E-EB84-41C8-ABB0-128E765954DE}"
EndProject
Project("{8BC9CEB8-8B4A-11D0-8D11-00A0C91BC942}") = "Program05", "Program05\Program05.vcxproj", "{97B2EE85-3943-4D1F-A3ED-2224358EAB30}"
EndProject
Project("{FAE04EC0-301F-11D3-BF4B-00C04F79EFBC}") = "Program06", "Program06\Program06.csproj", "{F0AF82F4-B309-4EC2-9FAC-5B92E31A2CAA}"
EndProject
Project("{FAE04EC0-301F-11D3-BF4B-00C04F79EFBC}") = "regex_replace", "regex_replace\regex_replace.csproj", "{621D4ED7-BF90-44D9-9764-65BA8C524341}"
EndProject
Project("{FAE04EC0-301F-11D3-BF4B-00C04F79EFBC}") = "Program07", "Program07\Program07.csproj", "{44F6F7FE-1FDF-4A27-AE19-E40B702B4D67}"
EndProject
Project("{FAE04EC0-301F-11D3-BF4B-00C04F79EFBC}") = "DataGridDemo", "DataGridDemo\DataGridDemo.csproj", "{EA0FBCFB-26A0-484C-A7F2-79EEF6F60602}"
EndProject
Project("{8BC9CEB8-8B4A-11D0-8D11-00A0C91BC942}") = "Program08", "Program08\Program08.vcxproj", "{B635D258-2AAF-4257-9C0A-2E7AA0E7D230}"
EndProject
Project("{8BC9CEB8-8B4A-11D0-8D11-00A0C91BC942}") = "Program09", "Program09\Program09.vcxproj", "{2F3D3C1F-7DDB-4D7A-B499-D204972FE014}"
EndProject
Project("{8BC9CEB8-8B4A-11D0-8D11-00A0C91BC942}") = "Program10", "Program10\Program10.vcxproj", "{873070E5-7391-4DDE-8684-730F636DEBDE}"
EndProject
Project("{8BC9CEB8-8B4A-11D0-8D11-00A0C91BC942}") = "Program11", "Program11\Program11.vcxproj", "{A773FA20-DC7D-4D04-AF6D-C2E3E69E4539}"
EndProject
Project("{8BC9CEB8-8B4A-11D0-8D11-00A0C91BC942}") = "Program12", "Program12\Program12.vcxproj", "{A30EDDDA-ECA0-4ECF-B13A-CAEEBDDC3871}"
EndProject
Project("{8BC9CEB8-8B4A-11D0-8D11-00A0C91BC942}") = "CreationalPattern", "CreationalPattern\CreationalPattern.vcxproj", "{97504E56-FD29-4D20-B1B4-2F5D0C3E0AB4}"
EndProject
Project("{8BC9CEB8-8B4A-11D0-8D11-00A0C91BC942}") = "regex_search", "regex_search\regex_search.vcxproj", "{04969F07-6C43-4FF3-8D5C-5378C6F25E4B}"
EndProject
Project("{8BC9CEB8-8B4A-11D0-8D11-00A0C91BC942}") = "Program13", "Program13\Program13.vcxproj", "{D4C938AB-2ECD-400C-B726-FDC9438142F5}"
EndProject
Global
	GlobalSection(SolutionConfigurationPlatforms) = preSolution
		Debug|Any CPU = Debug|Any CPU
		Debug|ARM = Debug|ARM
		Debug|Mixed Platforms = Debug|Mixed Platforms
		Debug|Win32 = Debug|Win32
		Debug|x64 = Debug|x64
		Debug|x86 = Debug|x86
		Release|Any CPU = Release|Any CPU
		Release|ARM = Release|ARM
		Release|Mixed Platforms = Release|Mixed Platforms
		Release|Win32 = Release|Win32
		Release|x64 = Release|x64
		Release|x86 = Release|x86
	EndGlobalSection
	GlobalSection(ProjectConfigurationPlatforms) = postSolution
		{4588949E-C6EC-4D3C-A291-3627D994216C}.Debug|Any CPU.ActiveCfg = Debug|Win32
		{4588949E-C6EC-4D3C-A291-3627D994216C}.Debug|ARM.ActiveCfg = Debug|Win32
		{4588949E-C6EC-4D3C-A291-3627D994216C}.Debug|Mixed Platforms.ActiveCfg = Debug|Win32
		{4588949E-C6EC-4D3C-A291-3627D994216C}.Debug|Mixed Platforms.Build.0 = Debug|Win32
		{4588949E-C6EC-4D3C-A291-3627D994216C}.Debug|Win32.ActiveCfg = Debug|Win32
		{4588949E-C6EC-4D3C-A291-3627D994216C}.Debug|Win32.Build.0 = Debug|Win32
		{4588949E-C6EC-4D3C-A291-3627D994216C}.Debug|x64.ActiveCfg = Debug|Win32
		{4588949E-C6EC-4D3C-A291-3627D994216C}.Debug|x86.ActiveCfg = Debug|Win32
		{4588949E-C6EC-4D3C-A291-3627D994216C}.Debug|x86.Build.0 = Debug|Win32
		{4588949E-C6EC-4D3C-A291-3627D994216C}.Release|Any CPU.ActiveCfg = Release|Win32
		{4588949E-C6EC-4D3C-A291-3627D994216C}.Release|ARM.ActiveCfg = Release|Win32
		{4588949E-C6EC-4D3C-A291-3627D994216C}.Release|Mixed Platforms.ActiveCfg = Release|Win32
		{4588949E-C6EC-4D3C-A291-3627D994216C}.Release|Mixed Platforms.Build.0 = Release|Win32
		{4588949E-C6EC-4D3C-A291-3627D994216C}.Release|Win32.ActiveCfg = Release|Win32
		{4588949E-C6EC-4D3C-A291-3627D994216C}.Release|Win32.Build.0 = Release|Win32
		{4588949E-C6EC-4D3C-A291-3627D994216C}.Release|x64.ActiveCfg = Release|Win32
		{4588949E-C6EC-4D3C-A291-3627D994216C}.Release|x86.ActiveCfg = Release|Win32
		{4588949E-C6EC-4D3C-A291-3627D994216C}.Release|x86.Build.0 = Release|Win32
		{39115529-829F-4F4D-98B9-C561747102E1}.Debug|Any CPU.ActiveCfg = Debug|Win32
		{39115529-829F-4F4D-98B9-C561747102E1}.Debug|ARM.ActiveCfg = Debug|Win32
		{39115529-829F-4F4D-98B9-C561747102E1}.Debug|Mixed Platforms.ActiveCfg = Debug|Win32
		{39115529-829F-4F4D-98B9-C561747102E1}.Debug|Mixed Platforms.Build.0 = Debug|Win32
		{39115529-829F-4F4D-98B9-C561747102E1}.Debug|Win32.ActiveCfg = Debug|Win32
		{39115529-829F-4F4D-98B9-C561747102E1}.Debug|Win32.Build.0 = Debug|Win32
		{39115529-829F-4F4D-98B9-C561747102E1}.Debug|x64.ActiveCfg = Debug|Win32
		{39115529-829F-4F4D-98B9-C561747102E1}.Debug|x86.ActiveCfg = Debug|Win32
		{39115529-829F-4F4D-98B9-C561747102E1}.Debug|x86.Build.0 = Debug|Win32
		{39115529-829F-4F4D-98B9-C561747102E1}.Release|Any CPU.ActiveCfg = Release|Win32
		{39115529-829F-4F4D-98B9-C561747102E1}.Release|ARM.ActiveCfg = Release|Win32
		{39115529-829F-4F4D-98B9-C561747102E1}.Release|Mixed Platforms.ActiveCfg = Release|Win32
		{39115529-829F-4F4D-98B9-C561747102E1}.Release|Mixed Platforms.Build.0 = Release|Win32
		{39115529-829F-4F4D-98B9-C561747102E1}.Release|Win32.ActiveCfg = Release|Win32
		{39115529-829F-4F4D-98B9-C561747102E1}.Release|Win32.Build.0 = Release|Win32
		{39115529-829F-4F4D-98B9-C561747102E1}.Release|x64.ActiveCfg = Release|Win32
		{39115529-829F-4F4D-98B9-C561747102E1}.Release|x86.ActiveCfg = Release|Win32
		{39115529-829F-4F4D-98B9-C561747102E1}.Release|x86.Build.0 = Release|Win32
		{E4E4564B-3759-4B39-8295-BA429E93C0E2}.Debug|Any CPU.ActiveCfg = Debug|Win32
		{E4E4564B-3759-4B39-8295-BA429E93C0E2}.Debug|ARM.ActiveCfg = Debug|Win32
		{E4E4564B-3759-4B39-8295-BA429E93C0E2}.Debug|Mixed Platforms.ActiveCfg = Debug|Win32
		{E4E4564B-3759-4B39-8295-BA429E93C0E2}.Debug|Mixed Platforms.Build.0 = Debug|Win32
		{E4E4564B-3759-4B39-8295-BA429E93C0E2}.Debug|Win32.ActiveCfg = Debug|Win32
		{E4E4564B-3759-4B39-8295-BA429E93C0E2}.Debug|Win32.Build.0 = Debug|Win32
		{E4E4564B-3759-4B39-8295-BA429E93C0E2}.Debug|x64.ActiveCfg = Debug|Win32
		{E4E4564B-3759-4B39-8295-BA429E93C0E2}.Debug|x86.ActiveCfg = Debug|Win32
		{E4E4564B-3759-4B39-8295-BA429E93C0E2}.Debug|x86.Build.0 = Debug|Win32
		{E4E4564B-3759-4B39-8295-BA429E93C0E2}.Release|Any CPU.ActiveCfg = Release|Win32
		{E4E4564B-3759-4B39-8295-BA429E93C0E2}.Release|ARM.ActiveCfg = Release|Win32
		{E4E4564B-3759-4B39-8295-BA429E93C0E2}.Release|Mixed Platforms.ActiveCfg = Release|Win32
		{E4E4564B-3759-4B39-8295-BA429E93C0E2}.Release|Mixed Platforms.Build.0 = Release|Win32
		{E4E4564B-3759-4B39-8295-BA429E93C0E2}.Release|Win32.ActiveCfg = Release|Win32
		{E4E4564B-3759-4B39-8295-BA429E93C0E2}.Release|Win32.Build.0 = Release|Win32
		{E4E4564B-3759-4B39-8295-BA429E93C0E2}.Release|x64.ActiveCfg = Release|Win32
		{E4E4564B-3759-4B39-8295-BA429E93C0E2}.Release|x86.ActiveCfg = Release|Win32
		{E4E4564B-3759-4B39-8295-BA429E93C0E2}.Release|x86.Build.0 = Release|Win32
		{32A9A40E-EB84-41C8-ABB0-128E765954DE}.Debug|Any CPU.ActiveCfg = Debug|Win32
		{32A9A40E-EB84-41C8-ABB0-128E765954DE}.Debug|ARM.ActiveCfg = Debug|Win32
		{32A9A40E-EB84-41C8-ABB0-128E765954DE}.Debug|Mixed Platforms.ActiveCfg = Debug|Win32
		{32A9A40E-EB84-41C8-ABB0-128E765954DE}.Debug|Mixed Platforms.Build.0 = Debug|Win32
		{32A9A40E-EB84-41C8-ABB0-128E765954DE}.Debug|Win32.ActiveCfg = Debug|Win32
		{32A9A40E-EB84-41C8-ABB0-128E765954DE}.Debug|Win32.Build.0 = Debug|Win32
		{32A9A40E-EB84-41C8-ABB0-128E765954DE}.Debug|x64.ActiveCfg = Debug|Win32
		{32A9A40E-EB84-41C8-ABB0-128E765954DE}.Debug|x86.ActiveCfg = Debug|Win32
		{32A9A40E-EB84-41C8-ABB0-128E765954DE}.Debug|x86.Build.0 = Debug|Win32
		{32A9A40E-EB84-41C8-ABB0-128E765954DE}.Release|Any CPU.ActiveCfg = Release|Win32
		{32A9A40E-EB84-41C8-ABB0-128E765954DE}.Release|ARM.ActiveCfg = Release|Win32
		{32A9A40E-EB84-41C8-ABB0-128E765954DE}.Release|Mixed Platforms.ActiveCfg = Release|Win32
		{32A9A40E-EB84-41C8-ABB0-128E765954DE}.Release|Mixed Platforms.Build.0 = Release|Win32
		{32A9A40E-EB84-41C8-ABB0-128E765954DE}.Release|Win32.ActiveCfg = Release|Win32
		{32A9A40E-EB84-41C8-ABB0-128E765954DE}.Release|Win32.Build.0 = Release|Win32
		{32A9A40E-EB84-41C8-ABB0-128E765954DE}.Release|x64.ActiveCfg = Release|Win32
		{32A9A40E-EB84-41C8-ABB0-128E765954DE}.Release|x86.ActiveCfg = Release|Win32
		{32A9A40E-EB84-41C8-ABB0-128E765954DE}.Release|x86.Build.0 = Release|Win32
		{97B2EE85-3943-4D1F-A3ED-2224358EAB30}.Debug|Any CPU.ActiveCfg = Debug|Win32
		{97B2EE85-3943-4D1F-A3ED-2224358EAB30}.Debug|ARM.ActiveCfg = Debug|Win32
		{97B2EE85-3943-4D1F-A3ED-2224358EAB30}.Debug|Mixed Platforms.ActiveCfg = Debug|Win32
		{97B2EE85-3943-4D1F-A3ED-2224358EAB30}.Debug|Mixed Platforms.Build.0 = Debug|Win32
		{97B2EE85-3943-4D1F-A3ED-2224358EAB30}.Debug|Win32.ActiveCfg = Debug|Win32
		{97B2EE85-3943-4D1F-A3ED-2224358EAB30}.Debug|Win32.Build.0 = Debug|Win32
		{97B2EE85-3943-4D1F-A3ED-2224358EAB30}.Debug|x64.ActiveCfg = Debug|Win32
		{97B2EE85-3943-4D1F-A3ED-2224358EAB30}.Debug|x86.ActiveCfg = Debug|Win32
		{97B2EE85-3943-4D1F-A3ED-2224358EAB30}.Debug|x86.Build.0 = Debug|Win32
		{97B2EE85-3943-4D1F-A3ED-2224358EAB30}.Release|Any CPU.ActiveCfg = Release|Win32
		{97B2EE85-3943-4D1F-A3ED-2224358EAB30}.Release|ARM.ActiveCfg = Release|Win32
		{97B2EE85-3943-4D1F-A3ED-2224358EAB30}.Release|Mixed Platforms.ActiveCfg = Release|Win32
		{97B2EE85-3943-4D1F-A3ED-2224358EAB30}.Release|Mixed Platforms.Build.0 = Release|Win32
		{97B2EE85-3943-4D1F-A3ED-2224358EAB30}.Release|Win32.ActiveCfg = Release|Win32
		{97B2EE85-3943-4D1F-A3ED-2224358EAB30}.Release|Win32.Build.0 = Release|Win32
		{97B2EE85-3943-4D1F-A3ED-2224358EAB30}.Release|x64.ActiveCfg = Release|Win32
		{97B2EE85-3943-4D1F-A3ED-2224358EAB30}.Release|x86.ActiveCfg = Release|Win32
		{97B2EE85-3943-4D1F-A3ED-2224358EAB30}.Release|x86.Build.0 = Release|Win32
		{F0AF82F4-B309-4EC2-9FAC-5B92E31A2CAA}.Debug|Any CPU.ActiveCfg = Debug|Any CPU
		{F0AF82F4-B309-4EC2-9FAC-5B92E31A2CAA}.Debug|Any CPU.Build.0 = Debug|Any CPU
		{F0AF82F4-B309-4EC2-9FAC-5B92E31A2CAA}.Debug|ARM.ActiveCfg = Debug|Any CPU
		{F0AF82F4-B309-4EC2-9FAC-5B92E31A2CAA}.Debug|Mixed Platforms.ActiveCfg = Release|Any CPU
		{F0AF82F4-B309-4EC2-9FAC-5B92E31A2CAA}.Debug|Mixed Platforms.Build.0 = Release|Any CPU
		{F0AF82F4-B309-4EC2-9FAC-5B92E31A2CAA}.Debug|Win32.ActiveCfg = Debug|Any CPU
		{F0AF82F4-B309-4EC2-9FAC-5B92E31A2CAA}.Debug|x64.ActiveCfg = Debug|Any CPU
		{F0AF82F4-B309-4EC2-9FAC-5B92E31A2CAA}.Debug|x86.ActiveCfg = Debug|Any CPU
		{F0AF82F4-B309-4EC2-9FAC-5B92E31A2CAA}.Release|Any CPU.ActiveCfg = Release|Any CPU
		{F0AF82F4-B309-4EC2-9FAC-5B92E31A2CAA}.Release|Any CPU.Build.0 = Release|Any CPU
		{F0AF82F4-B309-4EC2-9FAC-5B92E31A2CAA}.Release|ARM.ActiveCfg = Release|Any CPU
		{F0AF82F4-B309-4EC2-9FAC-5B92E31A2CAA}.Release|Mixed Platforms.ActiveCfg = Release|Any CPU
		{F0AF82F4-B309-4EC2-9FAC-5B92E31A2CAA}.Release|Mixed Platforms.Build.0 = Release|Any CPU
		{F0AF82F4-B309-4EC2-9FAC-5B92E31A2CAA}.Release|Win32.ActiveCfg = Release|Any CPU
		{F0AF82F4-B309-4EC2-9FAC-5B92E31A2CAA}.Release|x64.ActiveCfg = Release|Any CPU
		{F0AF82F4-B309-4EC2-9FAC-5B92E31A2CAA}.Release|x86.ActiveCfg = Release|Any CPU
		{621D4ED7-BF90-44D9-9764-65BA8C524341}.Debug|Any CPU.ActiveCfg = Debug|Any CPU
		{621D4ED7-BF90-44D9-9764-65BA8C524341}.Debug|Any CPU.Build.0 = Debug|Any CPU
		{621D4ED7-BF90-44D9-9764-65BA8C524341}.Debug|ARM.ActiveCfg = Debug|Any CPU
		{621D4ED7-BF90-44D9-9764-65BA8C524341}.Debug|Mixed Platforms.ActiveCfg = Release|Any CPU
		{621D4ED7-BF90-44D9-9764-65BA8C524341}.Debug|Mixed Platforms.Build.0 = Release|Any CPU
		{621D4ED7-BF90-44D9-9764-65BA8C524341}.Debug|Win32.ActiveCfg = Debug|Any CPU
		{621D4ED7-BF90-44D9-9764-65BA8C524341}.Debug|x64.ActiveCfg = Debug|Any CPU
		{621D4ED7-BF90-44D9-9764-65BA8C524341}.Debug|x86.ActiveCfg = Debug|Any CPU
		{621D4ED7-BF90-44D9-9764-65BA8C524341}.Release|Any CPU.ActiveCfg = Release|Any CPU
		{621D4ED7-BF90-44D9-9764-65BA8C524341}.Release|Any CPU.Build.0 = Release|Any CPU
		{621D4ED7-BF90-44D9-9764-65BA8C524341}.Release|ARM.ActiveCfg = Release|Any CPU
		{621D4ED7-BF90-44D9-9764-65BA8C524341}.Release|Mixed Platforms.ActiveCfg = Release|Any CPU
		{621D4ED7-BF90-44D9-9764-65BA8C524341}.Release|Mixed Platforms.Build.0 = Release|Any CPU
		{621D4ED7-BF90-44D9-9764-65BA8C524341}.Release|Win32.ActiveCfg = Release|Any CPU
		{621D4ED7-BF90-44D9-9764-65BA8C524341}.Release|x64.ActiveCfg = Release|Any CPU
		{621D4ED7-BF90-44D9-9764-65BA8C524341}.Release|x86.ActiveCfg = Release|Any CPU
		{44F6F7FE-1FDF-4A27-AE19-E40B702B4D67}.Debug|Any CPU.ActiveCfg = Debug|Any CPU
		{44F6F7FE-1FDF-4A27-AE19-E40B702B4D67}.Debug|Any CPU.Build.0 = Debug|Any CPU
		{44F6F7FE-1FDF-4A27-AE19-E40B702B4D67}.Debug|ARM.ActiveCfg = Debug|Any CPU
		{44F6F7FE-1FDF-4A27-AE19-E40B702B4D67}.Debug|Mixed Platforms.ActiveCfg = Debug|Any CPU
		{44F6F7FE-1FDF-4A27-AE19-E40B702B4D67}.Debug|Mixed Platforms.Build.0 = Debug|Any CPU
		{44F6F7FE-1FDF-4A27-AE19-E40B702B4D67}.Debug|Win32.ActiveCfg = Debug|Any CPU
		{44F6F7FE-1FDF-4A27-AE19-E40B702B4D67}.Debug|x64.ActiveCfg = Debug|Any CPU
		{44F6F7FE-1FDF-4A27-AE19-E40B702B4D67}.Debug|x86.ActiveCfg = Debug|Any CPU
		{44F6F7FE-1FDF-4A27-AE19-E40B702B4D67}.Release|Any CPU.ActiveCfg = Release|Any CPU
		{44F6F7FE-1FDF-4A27-AE19-E40B702B4D67}.Release|Any CPU.Build.0 = Release|Any CPU
		{44F6F7FE-1FDF-4A27-AE19-E40B702B4D67}.Release|ARM.ActiveCfg = Release|Any CPU
		{44F6F7FE-1FDF-4A27-AE19-E40B702B4D67}.Release|Mixed Platforms.ActiveCfg = Release|Any CPU
		{44F6F7FE-1FDF-4A27-AE19-E40B702B4D67}.Release|Mixed Platforms.Build.0 = Release|Any CPU
		{44F6F7FE-1FDF-4A27-AE19-E40B702B4D67}.Release|Win32.ActiveCfg = Release|Any CPU
		{44F6F7FE-1FDF-4A27-AE19-E40B702B4D67}.Release|x64.ActiveCfg = Release|Any CPU
		{44F6F7FE-1FDF-4A27-AE19-E40B702B4D67}.Release|x86.ActiveCfg = Release|Any CPU
		{EA0FBCFB-26A0-484C-A7F2-79EEF6F60602}.Debug|Any CPU.ActiveCfg = Debug|Any CPU
		{EA0FBCFB-26A0-484C-A7F2-79EEF6F60602}.Debug|Any CPU.Build.0 = Debug|Any CPU
		{EA0FBCFB-26A0-484C-A7F2-79EEF6F60602}.Debug|ARM.ActiveCfg = Debug|Any CPU
		{EA0FBCFB-26A0-484C-A7F2-79EEF6F60602}.Debug|Mixed Platforms.ActiveCfg = Debug|Any CPU
		{EA0FBCFB-26A0-484C-A7F2-79EEF6F60602}.Debug|Mixed Platforms.Build.0 = Debug|Any CPU
		{EA0FBCFB-26A0-484C-A7F2-79EEF6F60602}.Debug|Win32.ActiveCfg = Debug|Any CPU
		{EA0FBCFB-26A0-484C-A7F2-79EEF6F60602}.Debug|x64.ActiveCfg = Debug|Any CPU
		{EA0FBCFB-26A0-484C-A7F2-79EEF6F60602}.Debug|x86.ActiveCfg = Debug|Any CPU
		{EA0FBCFB-26A0-484C-A7F2-79EEF6F60602}.Release|Any CPU.ActiveCfg = Release|Any CPU
		{EA0FBCFB-26A0-484C-A7F2-79EEF6F60602}.Release|Any CPU.Build.0 = Release|Any CPU
		{EA0FBCFB-26A0-484C-A7F2-79EEF6F60602}.Release|ARM.ActiveCfg = Release|Any CPU
		{EA0FBCFB-26A0-484C-A7F2-79EEF6F60602}.Release|Mixed Platforms.ActiveCfg = Release|Any CPU
		{EA0FBCFB-26A0-484C-A7F2-79EEF6F60602}.Release|Mixed Platforms.Build.0 = Release|Any CPU
		{EA0FBCFB-26A0-484C-A7F2-79EEF6F60602}.Release|Win32.ActiveCfg = Release|Any CPU
		{EA0FBCFB-26A0-484C-A7F2-79EEF6F60602}.Release|x64.ActiveCfg = Release|Any CPU
		{EA0FBCFB-26A0-484C-A7F2-79EEF6F60602}.Release|x86.ActiveCfg = Release|Any CPU
		{B635D258-2AAF-4257-9C0A-2E7AA0E7D230}.Debug|Any CPU.ActiveCfg = Debug|Win32
		{B635D258-2AAF-4257-9C0A-2E7AA0E7D230}.Debug|ARM.ActiveCfg = Debug|Win32
		{B635D258-2AAF-4257-9C0A-2E7AA0E7D230}.Debug|Mixed Platforms.ActiveCfg = Debug|Win32
		{B635D258-2AAF-4257-9C0A-2E7AA0E7D230}.Debug|Mixed Platforms.Build.0 = Debug|Win32
		{B635D258-2AAF-4257-9C0A-2E7AA0E7D230}.Debug|Win32.ActiveCfg = Debug|Win32
		{B635D258-2AAF-4257-9C0A-2E7AA0E7D230}.Debug|Win32.Build.0 = Debug|Win32
		{B635D258-2AAF-4257-9C0A-2E7AA0E7D230}.Debug|x64.ActiveCfg = Debug|Win32
		{B635D258-2AAF-4257-9C0A-2E7AA0E7D230}.Debug|x86.ActiveCfg = Debug|Win32
		{B635D258-2AAF-4257-9C0A-2E7AA0E7D230}.Debug|x86.Build.0 = Debug|Win32
		{B635D258-2AAF-4257-9C0A-2E7AA0E7D230}.Release|Any CPU.ActiveCfg = Release|Win32
		{B635D258-2AAF-4257-9C0A-2E7AA0E7D230}.Release|ARM.ActiveCfg = Release|Win32
		{B635D258-2AAF-4257-9C0A-2E7AA0E7D230}.Release|Mixed Platforms.ActiveCfg = Release|Win32
		{B635D258-2AAF-4257-9C0A-2E7AA0E7D230}.Release|Mixed Platforms.Build.0 = Release|Win32
		{B635D258-2AAF-4257-9C0A-2E7AA0E7D230}.Release|Win32.ActiveCfg = Release|Win32
		{B635D258-2AAF-4257-9C0A-2E7AA0E7D230}.Release|Win32.Build.0 = Release|Win32
		{B635D258-2AAF-4257-9C0A-2E7AA0E7D230}.Release|x64.ActiveCfg = Release|Win32
		{B635D258-2AAF-4257-9C0A-2E7AA0E7D230}.Release|x86.ActiveCfg = Release|Win32
		{B635D258-2AAF-4257-9C0A-2E7AA0E7D230}.Release|x86.Build.0 = Release|Win32
		{2F3D3C1F-7DDB-4D7A-B499-D204972FE014}.Debug|Any CPU.ActiveCfg = Debug|Win32
		{2F3D3C1F-7DDB-4D7A-B499-D204972FE014}.Debug|ARM.ActiveCfg = Debug|Win32
		{2F3D3C1F-7DDB-4D7A-B499-D204972FE014}.Debug|Mixed Platforms.ActiveCfg = Debug|Win32
		{2F3D3C1F-7DDB-4D7A-B499-D204972FE014}.Debug|Mixed Platforms.Build.0 = Debug|Win32
		{2F3D3C1F-7DDB-4D7A-B499-D204972FE014}.Debug|Win32.ActiveCfg = Debug|Win32
		{2F3D3C1F-7DDB-4D7A-B499-D204972FE014}.Debug|Win32.Build.0 = Debug|Win32
		{2F3D3C1F-7DDB-4D7A-B499-D204972FE014}.Debug|x64.ActiveCfg = Debug|Win32
		{2F3D3C1F-7DDB-4D7A-B499-D204972FE014}.Debug|x86.ActiveCfg = Debug|Win32
		{2F3D3C1F-7DDB-4D7A-B499-D204972FE014}.Debug|x86.Build.0 = Debug|Win32
		{2F3D3C1F-7DDB-4D7A-B499-D204972FE014}.Release|Any CPU.ActiveCfg = Release|Win32
		{2F3D3C1F-7DDB-4D7A-B499-D204972FE014}.Release|ARM.ActiveCfg = Release|Win32
		{2F3D3C1F-7DDB-4D7A-B499-D204972FE014}.Release|Mixed Platforms.ActiveCfg = Release|Win32
		{2F3D3C1F-7DDB-4D7A-B499-D204972FE014}.Release|Mixed Platforms.Build.0 = Release|Win32
		{2F3D3C1F-7DDB-4D7A-B499-D204972FE014}.Release|Win32.ActiveCfg = Release|Win32
		{2F3D3C1F-7DDB-4D7A-B499-D204972FE014}.Release|Win32.Build.0 = Release|Win32
		{2F3D3C1F-7DDB-4D7A-B499-D204972FE014}.Release|x64.ActiveCfg = Release|Win32
		{2F3D3C1F-7DDB-4D7A-B499-D204972FE014}.Release|x86.ActiveCfg = Release|Win32
		{2F3D3C1F-7DDB-4D7A-B499-D204972FE014}.Release|x86.Build.0 = Release|Win32
		{873070E5-7391-4DDE-8684-730F636DEBDE}.Debug|Any CPU.ActiveCfg = Debug|Win32
		{873070E5-7391-4DDE-8684-730F636DEBDE}.Debug|ARM.ActiveCfg = Debug|Win32
		{873070E5-7391-4DDE-8684-730F636DEBDE}.Debug|Mixed Platforms.ActiveCfg = Debug|Win32
		{873070E5-7391-4DDE-8684-730F636DEBDE}.Debug|Mixed Platforms.Build.0 = Debug|Win32
		{873070E5-7391-4DDE-8684-730F636DEBDE}.Debug|Win32.ActiveCfg = Debug|Win32
		{873070E5-7391-4DDE-8684-730F636DEBDE}.Debug|Win32.Build.0 = Debug|Win32
		{873070E5-7391-4DDE-8684-730F636DEBDE}.Debug|x64.ActiveCfg = Debug|Win32
		{873070E5-7391-4DDE-8684-730F636DEBDE}.Debug|x86.ActiveCfg = Debug|Win32
		{873070E5-7391-4DDE-8684-730F636DEBDE}.Debug|x86.Build.0 = Debug|Win32
		{873070E5-7391-4DDE-8684-730F636DEBDE}.Release|Any CPU.ActiveCfg = Release|Win32
		{873070E5-7391-4DDE-8684-730F636DEBDE}.Release|ARM.ActiveCfg = Release|Win32
		{873070E5-7391-4DDE-8684-730F636DEBDE}.Release|Mixed Platforms.ActiveCfg = Release|Win32
		{873070E5-7391-4DDE-8684-730F636DEBDE}.Release|Mixed Platforms.Build.0 = Release|Win32
		{873070E5-7391-4DDE-8684-730F636DEBDE}.Release|Win32.ActiveCfg = Release|Win32
		{873070E5-7391-4DDE-8684-730F636DEBDE}.Release|Win32.Build.0 = Release|Win32
		{873070E5-7391-4DDE-8684-730F636DEBDE}.Release|x64.ActiveCfg = Release|Win32
		{873070E5-7391-4DDE-8684-730F636DEBDE}.Release|x86.ActiveCfg = Release|Win32
		{873070E5-7391-4DDE-8684-730F636DEBDE}.Release|x86.Build.0 = Release|Win32
		{A773FA20-DC7D-4D04-AF6D-C2E3E69E4539}.Debug|Any CPU.ActiveCfg = Debug|Win32
		{A773FA20-DC7D-4D04-AF6D-C2E3E69E4539}.Debug|ARM.ActiveCfg = Debug|Win32
		{A773FA20-DC7D-4D04-AF6D-C2E3E69E4539}.Debug|Mixed Platforms.ActiveCfg = Debug|Win32
		{A773FA20-DC7D-4D04-AF6D-C2E3E69E4539}.Debug|Mixed Platforms.Build.0 = Debug|Win32
		{A773FA20-DC7D-4D04-AF6D-C2E3E69E4539}.Debug|Win32.ActiveCfg = Debug|Win32
		{A773FA20-DC7D-4D04-AF6D-C2E3E69E4539}.Debug|Win32.Build.0 = Debug|Win32
		{A773FA20-DC7D-4D04-AF6D-C2E3E69E4539}.Debug|x64.ActiveCfg = Debug|Win32
		{A773FA20-DC7D-4D04-AF6D-C2E3E69E4539}.Debug|x86.ActiveCfg = Debug|Win32
		{A773FA20-DC7D-4D04-AF6D-C2E3E69E4539}.Debug|x86.Build.0 = Debug|Win32
		{A773FA20-DC7D-4D04-AF6D-C2E3E69E4539}.Release|Any CPU.ActiveCfg = Release|Win32
		{A773FA20-DC7D-4D04-AF6D-C2E3E69E4539}.Release|ARM.ActiveCfg = Release|Win32
		{A773FA20-DC7D-4D04-AF6D-C2E3E69E4539}.Release|Mixed Platforms.ActiveCfg = Release|Win32
		{A773FA20-DC7D-4D04-AF6D-C2E3E69E4539}.Release|Mixed Platforms.Build.0 = Release|Win32
		{A773FA20-DC7D-4D04-AF6D-C2E3E69E4539}.Release|Win32.ActiveCfg = Release|Win32
		{A773FA20-DC7D-4D04-AF6D-C2E3E69E4539}.Release|Win32.Build.0 = Release|Win32
		{A773FA20-DC7D-4D04-AF6D-C2E3E69E4539}.Release|x64.ActiveCfg = Release|Win32
		{A773FA20-DC7D-4D04-AF6D-C2E3E69E4539}.Release|x86.ActiveCfg = Release|Win32
		{A773FA20-DC7D-4D04-AF6D-C2E3E69E4539}.Release|x86.Build.0 = Release|Win32
		{A30EDDDA-ECA0-4ECF-B13A-CAEEBDDC3871}.Debug|Any CPU.ActiveCfg = Debug|Win32
		{A30EDDDA-ECA0-4ECF-B13A-CAEEBDDC3871}.Debug|ARM.ActiveCfg = Debug|Win32
		{A30EDDDA-ECA0-4ECF-B13A-CAEEBDDC3871}.Debug|Mixed Platforms.ActiveCfg = Debug|x64
		{A30EDDDA-ECA0-4ECF-B13A-CAEEBDDC3871}.Debug|Mixed Platforms.Build.0 = Debug|x64
		{A30EDDDA-ECA0-4ECF-B13A-CAEEBDDC3871}.Debug|Win32.ActiveCfg = Debug|Win32
		{A30EDDDA-ECA0-4ECF-B13A-CAEEBDDC3871}.Debug|Win32.Build.0 = Debug|Win32
		{A30EDDDA-ECA0-4ECF-B13A-CAEEBDDC3871}.Debug|x64.ActiveCfg = Debug|Win32
		{A30EDDDA-ECA0-4ECF-B13A-CAEEBDDC3871}.Debug|x86.ActiveCfg = Debug|Win32
		{A30EDDDA-ECA0-4ECF-B13A-CAEEBDDC3871}.Debug|x86.Build.0 = Debug|Win32
		{A30EDDDA-ECA0-4ECF-B13A-CAEEBDDC3871}.Release|Any CPU.ActiveCfg = Release|Win32
		{A30EDDDA-ECA0-4ECF-B13A-CAEEBDDC3871}.Release|ARM.ActiveCfg = Release|Win32
		{A30EDDDA-ECA0-4ECF-B13A-CAEEBDDC3871}.Release|Mixed Platforms.ActiveCfg = Release|Win32
		{A30EDDDA-ECA0-4ECF-B13A-CAEEBDDC3871}.Release|Mixed Platforms.Build.0 = Release|Win32
		{A30EDDDA-ECA0-4ECF-B13A-CAEEBDDC3871}.Release|Win32.ActiveCfg = Release|Win32
		{A30EDDDA-ECA0-4ECF-B13A-CAEEBDDC3871}.Release|Win32.Build.0 = Release|Win32
		{A30EDDDA-ECA0-4ECF-B13A-CAEEBDDC3871}.Release|x64.ActiveCfg = Release|Win32
		{A30EDDDA-ECA0-4ECF-B13A-CAEEBDDC3871}.Release|x86.ActiveCfg = Release|Win32
		{A30EDDDA-ECA0-4ECF-B13A-CAEEBDDC3871}.Release|x86.Build.0 = Release|Win32
		{97504E56-FD29-4D20-B1B4-2F5D0C3E0AB4}.Debug|Any CPU.ActiveCfg = Debug|Win32
		{97504E56-FD29-4D20-B1B4-2F5D0C3E0AB4}.Debug|ARM.ActiveCfg = Debug|Win32
		{97504E56-FD29-4D20-B1B4-2F5D0C3E0AB4}.Debug|Mixed Platforms.ActiveCfg = Debug|Win32
		{97504E56-FD29-4D20-B1B4-2F5D0C3E0AB4}.Debug|Mixed Platforms.Build.0 = Debug|Win32
		{97504E56-FD29-4D20-B1B4-2F5D0C3E0AB4}.Debug|Win32.ActiveCfg = Debug|Win32
		{97504E56-FD29-4D20-B1B4-2F5D0C3E0AB4}.Debug|Win32.Build.0 = Debug|Win32
		{97504E56-FD29-4D20-B1B4-2F5D0C3E0AB4}.Debug|x64.ActiveCfg = Debug|Win32
		{97504E56-FD29-4D20-B1B4-2F5D0C3E0AB4}.Debug|x86.ActiveCfg = Debug|Win32
		{97504E56-FD29-4D20-B1B4-2F5D0C3E0AB4}.Debug|x86.Build.0 = Debug|Win32
		{97504E56-FD29-4D20-B1B4-2F5D0C3E0AB4}.Release|Any CPU.ActiveCfg = Release|Win32
		{97504E56-FD29-4D20-B1B4-2F5D0C3E0AB4}.Release|ARM.ActiveCfg = Release|Win32
		{97504E56-FD29-4D20-B1B4-2F5D0C3E0AB4}.Release|Mixed Platforms.ActiveCfg = Release|Win32
		{97504E56-FD29-4D20-B1B4-2F5D0C3E0AB4}.Release|Mixed Platforms.Build.0 = Release|Win32
		{97504E56-FD29-4D20-B1B4-2F5D0C3E0AB4}.Release|Win32.ActiveCfg = Release|Win32
		{97504E56-FD29-4D20-B1B4-2F5D0C3E0AB4}.Release|Win32.Build.0 = Release|Win32
		{97504E56-FD29-4D20-B1B4-2F5D0C3E0AB4}.Release|x64.ActiveCfg = Release|Win32
		{97504E56-FD29-4D20-B1B4-2F5D0C3E0AB4}.Release|x86.ActiveCfg = Release|Win32
		{97504E56-FD29-4D20-B1B4-2F5D0C3E0AB4}.Release|x86.Build.0 = Release|Win32
		{04969F07-6C43-4FF3-8D5C-5378C6F25E4B}.Debug|Any CPU.ActiveCfg = Debug|Win32
		{04969F07-6C43-4FF3-8D5C-5378C6F25E4B}.Debug|ARM.ActiveCfg = Debug|Win32
		{04969F07-6C43-4FF3-8D5C-5378C6F25E4B}.Debug|Mixed Platforms.ActiveCfg = Debug|Win32
		{04969F07-6C43-4FF3-8D5C-5378C6F25E4B}.Debug|Mixed Platforms.Build.0 = Debug|Win32
		{04969F07-6C43-4FF3-8D5C-5378C6F25E4B}.Debug|Win32.ActiveCfg = Debug|Win32
		{04969F07-6C43-4FF3-8D5C-5378C6F25E4B}.Debug|Win32.Build.0 = Debug|Win32
		{04969F07-6C43-4FF3-8D5C-5378C6F25E4B}.Debug|x64.ActiveCfg = Debug|Win32
		{04969F07-6C43-4FF3-8D5C-5378C6F25E4B}.Debug|x86.ActiveCfg = Debug|Win32
		{04969F07-6C43-4FF3-8D5C-5378C6F25E4B}.Debug|x86.Build.0 = Debug|Win32
		{04969F07-6C43-4FF3-8D5C-5378C6F25E4B}.Release|Any CPU.ActiveCfg = Release|Win32
		{04969F07-6C43-4FF3-8D5C-5378C6F25E4B}.Release|ARM.ActiveCfg = Release|Win32
		{04969F07-6C43-4FF3-8D5C-5378C6F25E4B}.Release|Mixed Platforms.ActiveCfg = Release|Win32
		{04969F07-6C43-4FF3-8D5C-5378C6F25E4B}.Release|Mixed Platforms.Build.0 = Release|Win32
		{04969F07-6C43-4FF3-8D5C-5378C6F25E4B}.Release|Win32.ActiveCfg = Release|Win32
		{04969F07-6C43-4FF3-8D5C-5378C6F25E4B}.Release|Win32.Build.0 = Release|Win32
		{04969F07-6C43-4FF3-8D5C-5378C6F25E4B}.Release|x64.ActiveCfg = Release|Win32
		{04969F07-6C43-4FF3-8D5C-5378C6F25E4B}.Release|x86.ActiveCfg = Release|Win32
		{04969F07-6C43-4FF3-8D5C-5378C6F25E4B}.Release|x86.Build.0 = Release|Win32
		{D4C938AB-2ECD-400C-B726-FDC9438142F5}.Debug|Any CPU.ActiveCfg = Debug|Win32
		{D4C938AB-2ECD-400C-B726-FDC9438142F5}.Debug|ARM.ActiveCfg = Debug|Win32
		{D4C938AB-2ECD-400C-B726-FDC9438142F5}.Debug|Mixed Platforms.ActiveCfg = Debug|Win32
		{D4C938AB-2ECD-400C-B726-FDC9438142F5}.Debug|Mixed Platforms.Build.0 = Debug|Win32
		{D4C938AB-2ECD-400C-B726-FDC9438142F5}.Debug|Win32.ActiveCfg = Debug|Win32
		{D4C938AB-2ECD-400C-B726-FDC9438142F5}.Debug|Win32.Build.0 = Debug|Win32
		{D4C938AB-2ECD-400C-B726-FDC9438142F5}.Debug|x64.ActiveCfg = Debug|Win32
		{D4C938AB-2ECD-400C-B726-FDC9438142F5}.Debug|x86.ActiveCfg = Debug|Win32
		{D4C938AB-2ECD-400C-B726-FDC9438142F5}.Debug|x86.Build.0 = Debug|Win32
		{D4C938AB-2ECD-400C-B726-FDC9438142F5}.Release|Any CPU.ActiveCfg = Release|Win32
		{D4C938AB-2ECD-400C-B726-FDC9438142F5}.Release|ARM.ActiveCfg = Release|Win32
		{D4C938AB-2ECD-400C-B726-FDC9438142F5}.Release|Mixed Platforms.ActiveCfg = Release|Win32
		{D4C938AB-2ECD-400C-B726-FDC9438142F5}.Release|Mixed Platforms.Build.0 = Release|Win32
		{D4C938AB-2ECD-400C-B726-FDC9438142F5}.Release|Win32.ActiveCfg = Release|Win32
		{D4C938AB-2ECD-400C-B726-FDC9438142F5}.Release|Win32.Build.0 = Release|Win32
		{D4C938AB-2ECD-400C-B726-FDC9438142F5}.Release|x64.ActiveCfg = Release|Win32
		{D4C938AB-2ECD-400C-B726-FDC9438142F5}.Release|x86.ActiveCfg = Release|Win32
		{D4C938AB-2ECD-400C-B726-FDC9438142F5}.Release|x86.Build.0 = Release|Win32
	EndGlobalSection
	GlobalSection(SolutionProperties) = preSolution
		HideSolutionNode = FALSE
	EndGlobalSection
EndGlobal
